
Microsoft Visual Studio Solution File, Format Version 12.00
# Visual Studio 14
VisualStudioVersion = 14.0.25420.1
MinimumVisualStudioVersion = 10.0.40219.1
Project("{FAE04EC0-301F-11D3-BF4B-00C04F79EFBC}") = "KhelagharMobileApps", "KhelagharMobileApps\KhelagharMobileApps\KhelagharMobileApps.csproj", "{AD838507-44EF-444F-8621-C5C8ABBCDEFA}"
EndProject
Project("{FAE04EC0-301F-11D3-BF4B-00C04F79EFBC}") = "KhelagharMobileApps.Droid", "KhelagharMobileApps\KhelagharMobileApps.Droid\KhelagharMobileApps.Droid.csproj", "{47E8BDF2-26C0-42B3-B0DF-4F46E0CB64DC}"
EndProject
Project("{FAE04EC0-301F-11D3-BF4B-00C04F79EFBC}") = "KhelagharMobileApps.iOS", "KhelagharMobileApps\KhelagharMobileApps.iOS\KhelagharMobileApps.iOS.csproj", "{2988746F-29A0-4720-8505-A184FD05B536}"
EndProject
Project("{FAE04EC0-301F-11D3-BF4B-00C04F79EFBC}") = "KhelagharMobileApps.UWP", "KhelagharMobileApps\KhelagharMobileApps.UWP\KhelagharMobileApps.UWP.csproj", "{6C765A0C-F27B-43AE-AE6A-2F4F9C96973B}"
EndProject
Project("{FAE04EC0-301F-11D3-BF4B-00C04F79EFBC}") = "KhelagharMobileApps.Core", "KhelagharMobileApps\KhelagharMobileApps.Core\KhelagharMobileApps.Core.csproj", "{D23C6319-53E1-4542-A34C-B303C11D0A00}"
EndProject
Global
	GlobalSection(SolutionConfigurationPlatforms) = preSolution
		Ad-Hoc|Any CPU = Ad-Hoc|Any CPU
		Ad-Hoc|ARM = Ad-Hoc|ARM
		Ad-Hoc|iPhone = Ad-Hoc|iPhone
		Ad-Hoc|iPhoneSimulator = Ad-Hoc|iPhoneSimulator
		Ad-Hoc|x64 = Ad-Hoc|x64
		Ad-Hoc|x86 = Ad-Hoc|x86
		AppStore|Any CPU = AppStore|Any CPU
		AppStore|ARM = AppStore|ARM
		AppStore|iPhone = AppStore|iPhone
		AppStore|iPhoneSimulator = AppStore|iPhoneSimulator
		AppStore|x64 = AppStore|x64
		AppStore|x86 = AppStore|x86
		Debug|Any CPU = Debug|Any CPU
		Debug|ARM = Debug|ARM
		Debug|iPhone = Debug|iPhone
		Debug|iPhoneSimulator = Debug|iPhoneSimulator
		Debug|x64 = Debug|x64
		Debug|x86 = Debug|x86
		Release|Any CPU = Release|Any CPU
		Release|ARM = Release|ARM
		Release|iPhone = Release|iPhone
		Release|iPhoneSimulator = Release|iPhoneSimulator
		Release|x64 = Release|x64
		Release|x86 = Release|x86
	EndGlobalSection
	GlobalSection(ProjectConfigurationPlatforms) = postSolution
		{AD838507-44EF-444F-8621-C5C8ABBCDEFA}.Ad-Hoc|Any CPU.ActiveCfg = Release|Any CPU
		{AD838507-44EF-444F-8621-C5C8ABBCDEFA}.Ad-Hoc|Any CPU.Build.0 = Release|Any CPU
		{AD838507-44EF-444F-8621-C5C8ABBCDEFA}.Ad-Hoc|ARM.ActiveCfg = Release|Any CPU
		{AD838507-44EF-444F-8621-C5C8ABBCDEFA}.Ad-Hoc|ARM.Build.0 = Release|Any CPU
		{AD838507-44EF-444F-8621-C5C8ABBCDEFA}.Ad-Hoc|iPhone.ActiveCfg = Release|Any CPU
		{AD838507-44EF-444F-8621-C5C8ABBCDEFA}.Ad-Hoc|iPhone.Build.0 = Release|Any CPU
		{AD838507-44EF-444F-8621-C5C8ABBCDEFA}.Ad-Hoc|iPhoneSimulator.ActiveCfg = Release|Any CPU
		{AD838507-44EF-444F-8621-C5C8ABBCDEFA}.Ad-Hoc|iPhoneSimulator.Build.0 = Release|Any CPU
		{AD838507-44EF-444F-8621-C5C8ABBCDEFA}.Ad-Hoc|x64.ActiveCfg = Release|Any CPU
		{AD838507-44EF-444F-8621-C5C8ABBCDEFA}.Ad-Hoc|x64.Build.0 = Release|Any CPU
		{AD838507-44EF-444F-8621-C5C8ABBCDEFA}.Ad-Hoc|x86.ActiveCfg = Release|Any CPU
		{AD838507-44EF-444F-8621-C5C8ABBCDEFA}.Ad-Hoc|x86.Build.0 = Release|Any CPU
		{AD838507-44EF-444F-8621-C5C8ABBCDEFA}.AppStore|Any CPU.ActiveCfg = Release|Any CPU
		{AD838507-44EF-444F-8621-C5C8ABBCDEFA}.AppStore|Any CPU.Build.0 = Release|Any CPU
		{AD838507-44EF-444F-8621-C5C8ABBCDEFA}.AppStore|ARM.ActiveCfg = Release|Any CPU
		{AD838507-44EF-444F-8621-C5C8ABBCDEFA}.AppStore|ARM.Build.0 = Release|Any CPU
		{AD838507-44EF-444F-8621-C5C8ABBCDEFA}.AppStore|iPhone.ActiveCfg = Release|Any CPU
		{AD838507-44EF-444F-8621-C5C8ABBCDEFA}.AppStore|iPhone.Build.0 = Release|Any CPU
		{AD838507-44EF-444F-8621-C5C8ABBCDEFA}.AppStore|iPhoneSimulator.ActiveCfg = Release|Any CPU
		{AD838507-44EF-444F-8621-C5C8ABBCDEFA}.AppStore|iPhoneSimulator.Build.0 = Release|Any CPU
		{AD838507-44EF-444F-8621-C5C8ABBCDEFA}.AppStore|x64.ActiveCfg = Release|Any CPU
		{AD838507-44EF-444F-8621-C5C8ABBCDEFA}.AppStore|x64.Build.0 = Release|Any CPU
		{AD838507-44EF-444F-8621-C5C8ABBCDEFA}.AppStore|x86.ActiveCfg = Release|Any CPU
		{AD838507-44EF-444F-8621-C5C8ABBCDEFA}.AppStore|x86.Build.0 = Release|Any CPU
		{AD838507-44EF-444F-8621-C5C8ABBCDEFA}.Debug|Any CPU.ActiveCfg = Debug|Any CPU
		{AD838507-44EF-444F-8621-C5C8ABBCDEFA}.Debug|Any CPU.Build.0 = Debug|Any CPU
		{AD838507-44EF-444F-8621-C5C8ABBCDEFA}.Debug|ARM.ActiveCfg = Debug|Any CPU
		{AD838507-44EF-444F-8621-C5C8ABBCDEFA}.Debug|ARM.Build.0 = Debug|Any CPU
		{AD838507-44EF-444F-8621-C5C8ABBCDEFA}.Debug|iPhone.ActiveCfg = Debug|Any CPU
		{AD838507-44EF-444F-8621-C5C8ABBCDEFA}.Debug|iPhone.Build.0 = Debug|Any CPU
		{AD838507-44EF-444F-8621-C5C8ABBCDEFA}.Debug|iPhoneSimulator.ActiveCfg = Debug|Any CPU
		{AD838507-44EF-444F-8621-C5C8ABBCDEFA}.Debug|iPhoneSimulator.Build.0 = Debug|Any CPU
		{AD838507-44EF-444F-8621-C5C8ABBCDEFA}.Debug|x64.ActiveCfg = Debug|Any CPU
		{AD838507-44EF-444F-8621-C5C8ABBCDEFA}.Debug|x64.Build.0 = Debug|Any CPU
		{AD838507-44EF-444F-8621-C5C8ABBCDEFA}.Debug|x86.ActiveCfg = Debug|Any CPU
		{AD838507-44EF-444F-8621-C5C8ABBCDEFA}.Debug|x86.Build.0 = Debug|Any CPU
		{AD838507-44EF-444F-8621-C5C8ABBCDEFA}.Release|Any CPU.ActiveCfg = Release|Any CPU
		{AD838507-44EF-444F-8621-C5C8ABBCDEFA}.Release|Any CPU.Build.0 = Release|Any CPU
		{AD838507-44EF-444F-8621-C5C8ABBCDEFA}.Release|ARM.ActiveCfg = Release|Any CPU
		{AD838507-44EF-444F-8621-C5C8ABBCDEFA}.Release|ARM.Build.0 = Release|Any CPU
		{AD838507-44EF-444F-8621-C5C8ABBCDEFA}.Release|iPhone.ActiveCfg = Release|Any CPU
		{AD838507-44EF-444F-8621-C5C8ABBCDEFA}.Release|iPhone.Build.0 = Release|Any CPU
		{AD838507-44EF-444F-8621-C5C8ABBCDEFA}.Release|iPhoneSimulator.ActiveCfg = Release|Any CPU
		{AD838507-44EF-444F-8621-C5C8ABBCDEFA}.Release|iPhoneSimulator.Build.0 = Release|Any CPU
		{AD838507-44EF-444F-8621-C5C8ABBCDEFA}.Release|x64.ActiveCfg = Release|Any CPU
		{AD838507-44EF-444F-8621-C5C8ABBCDEFA}.Release|x64.Build.0 = Release|Any CPU
		{AD838507-44EF-444F-8621-C5C8ABBCDEFA}.Release|x86.ActiveCfg = Release|Any CPU
		{AD838507-44EF-444F-8621-C5C8ABBCDEFA}.Release|x86.Build.0 = Release|Any CPU
		{47E8BDF2-26C0-42B3-B0DF-4F46E0CB64DC}.Ad-Hoc|Any CPU.ActiveCfg = Release|Any CPU
		{47E8BDF2-26C0-42B3-B0DF-4F46E0CB64DC}.Ad-Hoc|Any CPU.Build.0 = Release|Any CPU
		{47E8BDF2-26C0-42B3-B0DF-4F46E0CB64DC}.Ad-Hoc|Any CPU.Deploy.0 = Release|Any CPU
		{47E8BDF2-26C0-42B3-B0DF-4F46E0CB64DC}.Ad-Hoc|ARM.ActiveCfg = Release|Any CPU
		{47E8BDF2-26C0-42B3-B0DF-4F46E0CB64DC}.Ad-Hoc|ARM.Build.0 = Release|Any CPU
		{47E8BDF2-26C0-42B3-B0DF-4F46E0CB64DC}.Ad-Hoc|ARM.Deploy.0 = Release|Any CPU
		{47E8BDF2-26C0-42B3-B0DF-4F46E0CB64DC}.Ad-Hoc|iPhone.ActiveCfg = Release|Any CPU
		{47E8BDF2-26C0-42B3-B0DF-4F46E0CB64DC}.Ad-Hoc|iPhone.Build.0 = Release|Any CPU
		{47E8BDF2-26C0-42B3-B0DF-4F46E0CB64DC}.Ad-Hoc|iPhone.Deploy.0 = Release|Any CPU
		{47E8BDF2-26C0-42B3-B0DF-4F46E0CB64DC}.Ad-Hoc|iPhoneSimulator.ActiveCfg = Release|Any CPU
		{47E8BDF2-26C0-42B3-B0DF-4F46E0CB64DC}.Ad-Hoc|iPhoneSimulator.Build.0 = Release|Any CPU
		{47E8BDF2-26C0-42B3-B0DF-4F46E0CB64DC}.Ad-Hoc|iPhoneSimulator.Deploy.0 = Release|Any CPU
		{47E8BDF2-26C0-42B3-B0DF-4F46E0CB64DC}.Ad-Hoc|x64.ActiveCfg = Release|Any CPU
		{47E8BDF2-26C0-42B3-B0DF-4F46E0CB64DC}.Ad-Hoc|x64.Build.0 = Release|Any CPU
		{47E8BDF2-26C0-42B3-B0DF-4F46E0CB64DC}.Ad-Hoc|x64.Deploy.0 = Release|Any CPU
		{47E8BDF2-26C0-42B3-B0DF-4F46E0CB64DC}.Ad-Hoc|x86.ActiveCfg = Release|Any CPU
		{47E8BDF2-26C0-42B3-B0DF-4F46E0CB64DC}.Ad-Hoc|x86.Build.0 = Release|Any CPU
		{47E8BDF2-26C0-42B3-B0DF-4F46E0CB64DC}.Ad-Hoc|x86.Deploy.0 = Release|Any CPU
		{47E8BDF2-26C0-42B3-B0DF-4F46E0CB64DC}.AppStore|Any CPU.ActiveCfg = Release|Any CPU
		{47E8BDF2-26C0-42B3-B0DF-4F46E0CB64DC}.AppStore|Any CPU.Build.0 = Release|Any CPU
		{47E8BDF2-26C0-42B3-B0DF-4F46E0CB64DC}.AppStore|Any CPU.Deploy.0 = Release|Any CPU
		{47E8BDF2-26C0-42B3-B0DF-4F46E0CB64DC}.AppStore|ARM.ActiveCfg = Release|Any CPU
		{47E8BDF2-26C0-42B3-B0DF-4F46E0CB64DC}.AppStore|ARM.Build.0 = Release|Any CPU
		{47E8BDF2-26C0-42B3-B0DF-4F46E0CB64DC}.AppStore|ARM.Deploy.0 = Release|Any CPU
		{47E8BDF2-26C0-42B3-B0DF-4F46E0CB64DC}.AppStore|iPhone.ActiveCfg = Release|Any CPU
		{47E8BDF2-26C0-42B3-B0DF-4F46E0CB64DC}.AppStore|iPhone.Build.0 = Release|Any CPU
		{47E8BDF2-26C0-42B3-B0DF-4F46E0CB64DC}.AppStore|iPhone.Deploy.0 = Release|Any CPU
		{47E8BDF2-26C0-42B3-B0DF-4F46E0CB64DC}.AppStore|iPhoneSimulator.ActiveCfg = Release|Any CPU
		{47E8BDF2-26C0-42B3-B0DF-4F46E0CB64DC}.AppStore|iPhoneSimulator.Build.0 = Release|Any CPU
		{47E8BDF2-26C0-42B3-B0DF-4F46E0CB64DC}.AppStore|iPhoneSimulator.Deploy.0 = Release|Any CPU
		{47E8BDF2-26C0-42B3-B0DF-4F46E0CB64DC}.AppStore|x64.ActiveCfg = Release|Any CPU
		{47E8BDF2-26C0-42B3-B0DF-4F46E0CB64DC}.AppStore|x64.Build.0 = Release|Any CPU
		{47E8BDF2-26C0-42B3-B0DF-4F46E0CB64DC}.AppStore|x64.Deploy.0 = Release|Any CPU
		{47E8BDF2-26C0-42B3-B0DF-4F46E0CB64DC}.AppStore|x86.ActiveCfg = Release|Any CPU
		{47E8BDF2-26C0-42B3-B0DF-4F46E0CB64DC}.AppStore|x86.Build.0 = Release|Any CPU
		{47E8BDF2-26C0-42B3-B0DF-4F46E0CB64DC}.AppStore|x86.Deploy.0 = Release|Any CPU
		{47E8BDF2-26C0-42B3-B0DF-4F46E0CB64DC}.Debug|Any CPU.ActiveCfg = Debug|Any CPU
		{47E8BDF2-26C0-42B3-B0DF-4F46E0CB64DC}.Debug|Any CPU.Build.0 = Debug|Any CPU
		{47E8BDF2-26C0-42B3-B0DF-4F46E0CB64DC}.Debug|Any CPU.Deploy.0 = Debug|Any CPU
		{47E8BDF2-26C0-42B3-B0DF-4F46E0CB64DC}.Debug|ARM.ActiveCfg = Debug|Any CPU
		{47E8BDF2-26C0-42B3-B0DF-4F46E0CB64DC}.Debug|ARM.Build.0 = Debug|Any CPU
		{47E8BDF2-26C0-42B3-B0DF-4F46E0CB64DC}.Debug|ARM.Deploy.0 = Debug|Any CPU
		{47E8BDF2-26C0-42B3-B0DF-4F46E0CB64DC}.Debug|iPhone.ActiveCfg = Debug|Any CPU
		{47E8BDF2-26C0-42B3-B0DF-4F46E0CB64DC}.Debug|iPhone.Build.0 = Debug|Any CPU
		{47E8BDF2-26C0-42B3-B0DF-4F46E0CB64DC}.Debug|iPhone.Deploy.0 = Debug|Any CPU
		{47E8BDF2-26C0-42B3-B0DF-4F46E0CB64DC}.Debug|iPhoneSimulator.ActiveCfg = Debug|Any CPU
		{47E8BDF2-26C0-42B3-B0DF-4F46E0CB64DC}.Debug|iPhoneSimulator.Build.0 = Debug|Any CPU
		{47E8BDF2-26C0-42B3-B0DF-4F46E0CB64DC}.Debug|iPhoneSimulator.Deploy.0 = Debug|Any CPU
		{47E8BDF2-26C0-42B3-B0DF-4F46E0CB64DC}.Debug|x64.ActiveCfg = Debug|Any CPU
		{47E8BDF2-26C0-42B3-B0DF-4F46E0CB64DC}.Debug|x64.Build.0 = Debug|Any CPU
		{47E8BDF2-26C0-42B3-B0DF-4F46E0CB64DC}.Debug|x64.Deploy.0 = Debug|Any CPU
		{47E8BDF2-26C0-42B3-B0DF-4F46E0CB64DC}.Debug|x86.ActiveCfg = Debug|Any CPU
		{47E8BDF2-26C0-42B3-B0DF-4F46E0CB64DC}.Debug|x86.Build.0 = Debug|Any CPU
		{47E8BDF2-26C0-42B3-B0DF-4F46E0CB64DC}.Debug|x86.Deploy.0 = Debug|Any CPU
		{47E8BDF2-26C0-42B3-B0DF-4F46E0CB64DC}.Release|Any CPU.ActiveCfg = Release|Any CPU
		{47E8BDF2-26C0-42B3-B0DF-4F46E0CB64DC}.Release|Any CPU.Build.0 = Release|Any CPU
		{47E8BDF2-26C0-42B3-B0DF-4F46E0CB64DC}.Release|Any CPU.Deploy.0 = Release|Any CPU
		{47E8BDF2-26C0-42B3-B0DF-4F46E0CB64DC}.Release|ARM.ActiveCfg = Release|Any CPU
		{47E8BDF2-26C0-42B3-B0DF-4F46E0CB64DC}.Release|ARM.Build.0 = Release|Any CPU
		{47E8BDF2-26C0-42B3-B0DF-4F46E0CB64DC}.Release|ARM.Deploy.0 = Release|Any CPU
		{47E8BDF2-26C0-42B3-B0DF-4F46E0CB64DC}.Release|iPhone.ActiveCfg = Release|Any CPU
		{47E8BDF2-26C0-42B3-B0DF-4F46E0CB64DC}.Release|iPhone.Build.0 = Release|Any CPU
		{47E8BDF2-26C0-42B3-B0DF-4F46E0CB64DC}.Release|iPhone.Deploy.0 = Release|Any CPU
		{47E8BDF2-26C0-42B3-B0DF-4F46E0CB64DC}.Release|iPhoneSimulator.ActiveCfg = Release|Any CPU
		{47E8BDF2-26C0-42B3-B0DF-4F46E0CB64DC}.Release|iPhoneSimulator.Build.0 = Release|Any CPU
		{47E8BDF2-26C0-42B3-B0DF-4F46E0CB64DC}.Release|iPhoneSimulator.Deploy.0 = Release|Any CPU
		{47E8BDF2-26C0-42B3-B0DF-4F46E0CB64DC}.Release|x64.ActiveCfg = Release|Any CPU
		{47E8BDF2-26C0-42B3-B0DF-4F46E0CB64DC}.Release|x64.Build.0 = Release|Any CPU
		{47E8BDF2-26C0-42B3-B0DF-4F46E0CB64DC}.Release|x64.Deploy.0 = Release|Any CPU
		{47E8BDF2-26C0-42B3-B0DF-4F46E0CB64DC}.Release|x86.ActiveCfg = Release|Any CPU
		{47E8BDF2-26C0-42B3-B0DF-4F46E0CB64DC}.Release|x86.Build.0 = Release|Any CPU
		{47E8BDF2-26C0-42B3-B0DF-4F46E0CB64DC}.Release|x86.Deploy.0 = Release|Any CPU
		{2988746F-29A0-4720-8505-A184FD05B536}.Ad-Hoc|Any CPU.ActiveCfg = Ad-Hoc|iPhone
		{2988746F-29A0-4720-8505-A184FD05B536}.Ad-Hoc|ARM.ActiveCfg = Ad-Hoc|iPhone
		{2988746F-29A0-4720-8505-A184FD05B536}.Ad-Hoc|iPhone.ActiveCfg = Ad-Hoc|iPhone
		{2988746F-29A0-4720-8505-A184FD05B536}.Ad-Hoc|iPhone.Build.0 = Ad-Hoc|iPhone
		{2988746F-29A0-4720-8505-A184FD05B536}.Ad-Hoc|iPhoneSimulator.ActiveCfg = Ad-Hoc|iPhoneSimulator
		{2988746F-29A0-4720-8505-A184FD05B536}.Ad-Hoc|iPhoneSimulator.Build.0 = Ad-Hoc|iPhoneSimulator
		{2988746F-29A0-4720-8505-A184FD05B536}.Ad-Hoc|x64.ActiveCfg = Ad-Hoc|iPhone
		{2988746F-29A0-4720-8505-A184FD05B536}.Ad-Hoc|x86.ActiveCfg = Ad-Hoc|iPhone
		{2988746F-29A0-4720-8505-A184FD05B536}.AppStore|Any CPU.ActiveCfg = AppStore|iPhone
		{2988746F-29A0-4720-8505-A184FD05B536}.AppStore|ARM.ActiveCfg = AppStore|iPhone
		{2988746F-29A0-4720-8505-A184FD05B536}.AppStore|iPhone.ActiveCfg = AppStore|iPhone
		{2988746F-29A0-4720-8505-A184FD05B536}.AppStore|iPhone.Build.0 = AppStore|iPhone
		{2988746F-29A0-4720-8505-A184FD05B536}.AppStore|iPhoneSimulator.ActiveCfg = AppStore|iPhoneSimulator
		{2988746F-29A0-4720-8505-A184FD05B536}.AppStore|iPhoneSimulator.Build.0 = AppStore|iPhoneSimulator
		{2988746F-29A0-4720-8505-A184FD05B536}.AppStore|x64.ActiveCfg = AppStore|iPhone
		{2988746F-29A0-4720-8505-A184FD05B536}.AppStore|x86.ActiveCfg = AppStore|iPhone
		{2988746F-29A0-4720-8505-A184FD05B536}.Debug|Any CPU.ActiveCfg = Debug|iPhone
		{2988746F-29A0-4720-8505-A184FD05B536}.Debug|ARM.ActiveCfg = Debug|iPhone
		{2988746F-29A0-4720-8505-A184FD05B536}.Debug|iPhone.ActiveCfg = Debug|iPhone
		{2988746F-29A0-4720-8505-A184FD05B536}.Debug|iPhone.Build.0 = Debug|iPhone
		{2988746F-29A0-4720-8505-A184FD05B536}.Debug|iPhoneSimulator.ActiveCfg = Debug|iPhoneSimulator
		{2988746F-29A0-4720-8505-A184FD05B536}.Debug|iPhoneSimulator.Build.0 = Debug|iPhoneSimulator
		{2988746F-29A0-4720-8505-A184FD05B536}.Debug|x64.ActiveCfg = Debug|iPhone
		{2988746F-29A0-4720-8505-A184FD05B536}.Debug|x86.ActiveCfg = Debug|iPhone
		{2988746F-29A0-4720-8505-A184FD05B536}.Release|Any CPU.ActiveCfg = Release|iPhone
		{2988746F-29A0-4720-8505-A184FD05B536}.Release|ARM.ActiveCfg = Release|iPhone
		{2988746F-29A0-4720-8505-A184FD05B536}.Release|iPhone.ActiveCfg = Release|iPhone
		{2988746F-29A0-4720-8505-A184FD05B536}.Release|iPhone.Build.0 = Release|iPhone
		{2988746F-29A0-4720-8505-A184FD05B536}.Release|iPhoneSimulator.ActiveCfg = Release|iPhoneSimulator
		{2988746F-29A0-4720-8505-A184FD05B536}.Release|iPhoneSimulator.Build.0 = Release|iPhoneSimulator
		{2988746F-29A0-4720-8505-A184FD05B536}.Release|x64.ActiveCfg = Release|iPhone
		{2988746F-29A0-4720-8505-A184FD05B536}.Release|x86.ActiveCfg = Release|iPhone
		{6C765A0C-F27B-43AE-AE6A-2F4F9C96973B}.Ad-Hoc|Any CPU.ActiveCfg = Release|x86
		{6C765A0C-F27B-43AE-AE6A-2F4F9C96973B}.Ad-Hoc|Any CPU.Build.0 = Release|x86
		{6C765A0C-F27B-43AE-AE6A-2F4F9C96973B}.Ad-Hoc|Any CPU.Deploy.0 = Release|x86
		{6C765A0C-F27B-43AE-AE6A-2F4F9C96973B}.Ad-Hoc|ARM.ActiveCfg = Release|ARM
		{6C765A0C-F27B-43AE-AE6A-2F4F9C96973B}.Ad-Hoc|ARM.Build.0 = Release|ARM
		{6C765A0C-F27B-43AE-AE6A-2F4F9C96973B}.Ad-Hoc|ARM.Deploy.0 = Release|ARM
		{6C765A0C-F27B-43AE-AE6A-2F4F9C96973B}.Ad-Hoc|iPhone.ActiveCfg = Release|x86
		{6C765A0C-F27B-43AE-AE6A-2F4F9C96973B}.Ad-Hoc|iPhone.Build.0 = Release|x86
		{6C765A0C-F27B-43AE-AE6A-2F4F9C96973B}.Ad-Hoc|iPhone.Deploy.0 = Release|x86
		{6C765A0C-F27B-43AE-AE6A-2F4F9C96973B}.Ad-Hoc|iPhoneSimulator.ActiveCfg = Release|x86
		{6C765A0C-F27B-43AE-AE6A-2F4F9C96973B}.Ad-Hoc|iPhoneSimulator.Build.0 = Release|x86
		{6C765A0C-F27B-43AE-AE6A-2F4F9C96973B}.Ad-Hoc|iPhoneSimulator.Deploy.0 = Release|x86
		{6C765A0C-F27B-43AE-AE6A-2F4F9C96973B}.Ad-Hoc|x64.ActiveCfg = Release|x64
		{6C765A0C-F27B-43AE-AE6A-2F4F9C96973B}.Ad-Hoc|x64.Build.0 = Release|x64
		{6C765A0C-F27B-43AE-AE6A-2F4F9C96973B}.Ad-Hoc|x64.Deploy.0 = Release|x64
		{6C765A0C-F27B-43AE-AE6A-2F4F9C96973B}.Ad-Hoc|x86.ActiveCfg = Release|x86
		{6C765A0C-F27B-43AE-AE6A-2F4F9C96973B}.Ad-Hoc|x86.Build.0 = Release|x86
		{6C765A0C-F27B-43AE-AE6A-2F4F9C96973B}.Ad-Hoc|x86.Deploy.0 = Release|x86
		{6C765A0C-F27B-43AE-AE6A-2F4F9C96973B}.AppStore|Any CPU.ActiveCfg = Release|x86
		{6C765A0C-F27B-43AE-AE6A-2F4F9C96973B}.AppStore|Any CPU.Build.0 = Release|x86
		{6C765A0C-F27B-43AE-AE6A-2F4F9C96973B}.AppStore|Any CPU.Deploy.0 = Release|x86
		{6C765A0C-F27B-43AE-AE6A-2F4F9C96973B}.AppStore|ARM.ActiveCfg = Release|ARM
		{6C765A0C-F27B-43AE-AE6A-2F4F9C96973B}.AppStore|ARM.Build.0 = Release|ARM
		{6C765A0C-F27B-43AE-AE6A-2F4F9C96973B}.AppStore|ARM.Deploy.0 = Release|ARM
		{6C765A0C-F27B-43AE-AE6A-2F4F9C96973B}.AppStore|iPhone.ActiveCfg = Release|x86
		{6C765A0C-F27B-43AE-AE6A-2F4F9C96973B}.AppStore|iPhone.Build.0 = Release|x86
		{6C765A0C-F27B-43AE-AE6A-2F4F9C96973B}.AppStore|iPhone.Deploy.0 = Release|x86
		{6C765A0C-F27B-43AE-AE6A-2F4F9C96973B}.AppStore|iPhoneSimulator.ActiveCfg = Release|x86
		{6C765A0C-F27B-43AE-AE6A-2F4F9C96973B}.AppStore|iPhoneSimulator.Build.0 = Release|x86
		{6C765A0C-F27B-43AE-AE6A-2F4F9C96973B}.AppStore|iPhoneSimulator.Deploy.0 = Release|x86
		{6C765A0C-F27B-43AE-AE6A-2F4F9C96973B}.AppStore|x64.ActiveCfg = Release|x64
		{6C765A0C-F27B-43AE-AE6A-2F4F9C96973B}.AppStore|x64.Build.0 = Release|x64
		{6C765A0C-F27B-43AE-AE6A-2F4F9C96973B}.AppStore|x64.Deploy.0 = Release|x64
		{6C765A0C-F27B-43AE-AE6A-2F4F9C96973B}.AppStore|x86.ActiveCfg = Release|x86
		{6C765A0C-F27B-43AE-AE6A-2F4F9C96973B}.AppStore|x86.Build.0 = Release|x86
		{6C765A0C-F27B-43AE-AE6A-2F4F9C96973B}.AppStore|x86.Deploy.0 = Release|x86
		{6C765A0C-F27B-43AE-AE6A-2F4F9C96973B}.Debug|Any CPU.ActiveCfg = Debug|x86
		{6C765A0C-F27B-43AE-AE6A-2F4F9C96973B}.Debug|ARM.ActiveCfg = Debug|ARM
		{6C765A0C-F27B-43AE-AE6A-2F4F9C96973B}.Debug|ARM.Build.0 = Debug|ARM
		{6C765A0C-F27B-43AE-AE6A-2F4F9C96973B}.Debug|ARM.Deploy.0 = Debug|ARM
		{6C765A0C-F27B-43AE-AE6A-2F4F9C96973B}.Debug|iPhone.ActiveCfg = Debug|x86
		{6C765A0C-F27B-43AE-AE6A-2F4F9C96973B}.Debug|iPhoneSimulator.ActiveCfg = Debug|x86
		{6C765A0C-F27B-43AE-AE6A-2F4F9C96973B}.Debug|x64.ActiveCfg = Debug|x64
		{6C765A0C-F27B-43AE-AE6A-2F4F9C96973B}.Debug|x64.Build.0 = Debug|x64
		{6C765A0C-F27B-43AE-AE6A-2F4F9C96973B}.Debug|x64.Deploy.0 = Debug|x64
		{6C765A0C-F27B-43AE-AE6A-2F4F9C96973B}.Debug|x86.ActiveCfg = Debug|x86
		{6C765A0C-F27B-43AE-AE6A-2F4F9C96973B}.Debug|x86.Build.0 = Debug|x86
		{6C765A0C-F27B-43AE-AE6A-2F4F9C96973B}.Debug|x86.Deploy.0 = Debug|x86
		{6C765A0C-F27B-43AE-AE6A-2F4F9C96973B}.Release|Any CPU.ActiveCfg = Release|x86
		{6C765A0C-F27B-43AE-AE6A-2F4F9C96973B}.Release|ARM.ActiveCfg = Release|ARM
		{6C765A0C-F27B-43AE-AE6A-2F4F9C96973B}.Release|ARM.Build.0 = Release|ARM
		{6C765A0C-F27B-43AE-AE6A-2F4F9C96973B}.Release|ARM.Deploy.0 = Release|ARM
		{6C765A0C-F27B-43AE-AE6A-2F4F9C96973B}.Release|iPhone.ActiveCfg = Release|x86
		{6C765A0C-F27B-43AE-AE6A-2F4F9C96973B}.Release|iPhoneSimulator.ActiveCfg = Release|x86
		{6C765A0C-F27B-43AE-AE6A-2F4F9C96973B}.Release|x64.ActiveCfg = Release|x64
		{6C765A0C-F27B-43AE-AE6A-2F4F9C96973B}.Release|x64.Build.0 = Release|x64
		{6C765A0C-F27B-43AE-AE6A-2F4F9C96973B}.Release|x64.Deploy.0 = Release|x64
		{6C765A0C-F27B-43AE-AE6A-2F4F9C96973B}.Release|x86.ActiveCfg = Release|x86
		{6C765A0C-F27B-43AE-AE6A-2F4F9C96973B}.Release|x86.Build.0 = Release|x86
		{6C765A0C-F27B-43AE-AE6A-2F4F9C96973B}.Release|x86.Deploy.0 = Release|x86
		{D23C6319-53E1-4542-A34C-B303C11D0A00}.Ad-Hoc|Any CPU.ActiveCfg = Release|Any CPU
		{D23C6319-53E1-4542-A34C-B303C11D0A00}.Ad-Hoc|Any CPU.Build.0 = Release|Any CPU
		{D23C6319-53E1-4542-A34C-B303C11D0A00}.Ad-Hoc|ARM.ActiveCfg = Release|Any CPU
		{D23C6319-53E1-4542-A34C-B303C11D0A00}.Ad-Hoc|ARM.Build.0 = Release|Any CPU
		{D23C6319-53E1-4542-A34C-B303C11D0A00}.Ad-Hoc|iPhone.ActiveCfg = Release|Any CPU
		{D23C6319-53E1-4542-A34C-B303C11D0A00}.Ad-Hoc|iPhone.Build.0 = Release|Any CPU
		{D23C6319-53E1-4542-A34C-B303C11D0A00}.Ad-Hoc|iPhoneSimulator.ActiveCfg = Release|Any CPU
		{D23C6319-53E1-4542-A34C-B303C11D0A00}.Ad-Hoc|iPhoneSimulator.Build.0 = Release|Any CPU
		{D23C6319-53E1-4542-A34C-B303C11D0A00}.Ad-Hoc|x64.ActiveCfg = Release|Any CPU
		{D23C6319-53E1-4542-A34C-B303C11D0A00}.Ad-Hoc|x64.Build.0 = Release|Any CPU
		{D23C6319-53E1-4542-A34C-B303C11D0A00}.Ad-Hoc|x86.ActiveCfg = Release|Any CPU
		{D23C6319-53E1-4542-A34C-B303C11D0A00}.Ad-Hoc|x86.Build.0 = Release|Any CPU
		{D23C6319-53E1-4542-A34C-B303C11D0A00}.AppStore|Any CPU.ActiveCfg = Release|Any CPU
		{D23C6319-53E1-4542-A34C-B303C11D0A00}.AppStore|Any CPU.Build.0 = Release|Any CPU
		{D23C6319-53E1-4542-A34C-B303C11D0A00}.AppStore|ARM.ActiveCfg = Release|Any CPU
		{D23C6319-53E1-4542-A34C-B303C11D0A00}.AppStore|ARM.Build.0 = Release|Any CPU
		{D23C6319-53E1-4542-A34C-B303C11D0A00}.AppStore|iPhone.ActiveCfg = Release|Any CPU
		{D23C6319-53E1-4542-A34C-B303C11D0A00}.AppStore|iPhone.Build.0 = Release|Any CPU
		{D23C6319-53E1-4542-A34C-B303C11D0A00}.AppStore|iPhoneSimulator.ActiveCfg = Release|Any CPU
		{D23C6319-53E1-4542-A34C-B303C11D0A00}.AppStore|iPhoneSimulator.Build.0 = Release|Any CPU
		{D23C6319-53E1-4542-A34C-B303C11D0A00}.AppStore|x64.ActiveCfg = Release|Any CPU
		{D23C6319-53E1-4542-A34C-B303C11D0A00}.AppStore|x64.Build.0 = Release|Any CPU
		{D23C6319-53E1-4542-A34C-B303C11D0A00}.AppStore|x86.ActiveCfg = Release|Any CPU
		{D23C6319-53E1-4542-A34C-B303C11D0A00}.AppStore|x86.Build.0 = Release|Any CPU
		{D23C6319-53E1-4542-A34C-B303C11D0A00}.Debug|Any CPU.ActiveCfg = Debug|Any CPU
		{D23C6319-53E1-4542-A34C-B303C11D0A00}.Debug|Any CPU.Build.0 = Debug|Any CPU
		{D23C6319-53E1-4542-A34C-B303C11D0A00}.Debug|ARM.ActiveCfg = Debug|Any CPU
		{D23C6319-53E1-4542-A34C-B303C11D0A00}.Debug|ARM.Build.0 = Debug|Any CPU
		{D23C6319-53E1-4542-A34C-B303C11D0A00}.Debug|iPhone.ActiveCfg = Debug|Any CPU
		{D23C6319-53E1-4542-A34C-B303C11D0A00}.Debug|iPhone.Build.0 = Debug|Any CPU
		{D23C6319-53E1-4542-A34C-B303C11D0A00}.Debug|iPhoneSimulator.ActiveCfg = Debug|Any CPU
		{D23C6319-53E1-4542-A34C-B303C11D0A00}.Debug|iPhoneSimulator.Build.0 = Debug|Any CPU
		{D23C6319-53E1-4542-A34C-B303C11D0A00}.Debug|x64.ActiveCfg = Debug|Any CPU
		{D23C6319-53E1-4542-A34C-B303C11D0A00}.Debug|x64.Build.0 = Debug|Any CPU
		{D23C6319-53E1-4542-A34C-B303C11D0A00}.Debug|x86.ActiveCfg = Debug|Any CPU
		{D23C6319-53E1-4542-A34C-B303C11D0A00}.Debug|x86.Build.0 = Debug|Any CPU
		{D23C6319-53E1-4542-A34C-B303C11D0A00}.Release|Any CPU.ActiveCfg = Release|Any CPU
		{D23C6319-53E1-4542-A34C-B303C11D0A00}.Release|Any CPU.Build.0 = Release|Any CPU
		{D23C6319-53E1-4542-A34C-B303C11D0A00}.Release|ARM.ActiveCfg = Release|Any CPU
		{D23C6319-53E1-4542-A34C-B303C11D0A00}.Release|ARM.Build.0 = Release|Any CPU
		{D23C6319-53E1-4542-A34C-B303C11D0A00}.Release|iPhone.ActiveCfg = Release|Any CPU
		{D23C6319-53E1-4542-A34C-B303C11D0A00}.Release|iPhone.Build.0 = Release|Any CPU
		{D23C6319-53E1-4542-A34C-B303C11D0A00}.Release|iPhoneSimulator.ActiveCfg = Release|Any CPU
		{D23C6319-53E1-4542-A34C-B303C11D0A00}.Release|iPhoneSimulator.Build.0 = Release|Any CPU
		{D23C6319-53E1-4542-A34C-B303C11D0A00}.Release|x64.ActiveCfg = Release|Any CPU
		{D23C6319-53E1-4542-A34C-B303C11D0A00}.Release|x64.Build.0 = Release|Any CPU
		{D23C6319-53E1-4542-A34C-B303C11D0A00}.Release|x86.ActiveCfg = Release|Any CPU
		{D23C6319-53E1-4542-A34C-B303C11D0A00}.Release|x86.Build.0 = Release|Any CPU
	EndGlobalSection
	GlobalSection(SolutionProperties) = preSolution
		HideSolutionNode = FALSE
	EndGlobalSection
EndGlobal
